
Microsoft Visual Studio Solution File, Format Version 12.00
# Visual Studio Version 16
VisualStudioVersion = 16.0.29920.165
MinimumVisualStudioVersion = 10.0.40219.1
Project("{8BC9CEB8-8B4A-11D0-8D11-00A0C91BC942}") = "Simplex", "Simplex\Simplex.vcxproj", "{AF043501-7E91-4712-94CC-11C3C1800943}"
EndProject
Project("{2150E333-8FDC-42A3-9474-1A3956D46DE8}") = "Solution Items", "Solution Items", "{ACC9100A-1BF6-4AE0-9045-538A0D9F1226}"
	ProjectSection(SolutionItems) = preProject
		Simplex\out.txt = Simplex\out.txt
	EndProjectSection
EndProject
Global
	GlobalSection(SolutionConfigurationPlatforms) = preSolution
		Debug|x64 = Debug|x64
		Debug|x86 = Debug|x86
		Release|x64 = Release|x64
		Release|x86 = Release|x86
	EndGlobalSection
	GlobalSection(ProjectConfigurationPlatforms) = postSolution
		{AF043501-7E91-4712-94CC-11C3C1800943}.Debug|x64.ActiveCfg = Debug|x64
		{AF043501-7E91-4712-94CC-11C3C1800943}.Debug|x64.Build.0 = Debug|x64
		{AF043501-7E91-4712-94CC-11C3C1800943}.Debug|x86.ActiveCfg = Debug|Win32
		{AF043501-7E91-4712-94CC-11C3C1800943}.Debug|x86.Build.0 = Debug|Win32
		{AF043501-7E91-4712-94CC-11C3C1800943}.Release|x64.ActiveCfg = Release|x64
		{AF043501-7E91-4712-94CC-11C3C1800943}.Release|x64.Build.0 = Release|x64
		{AF043501-7E91-4712-94CC-11C3C1800943}.Release|x86.ActiveCfg = Release|Win32
		{AF043501-7E91-4712-94CC-11C3C1800943}.Release|x86.Build.0 = Release|Win32
	EndGlobalSection
	GlobalSection(SolutionProperties) = preSolution
		HideSolutionNode = FALSE
	EndGlobalSection
	GlobalSection(ExtensibilityGlobals) = postSolution
		SolutionGuid = {08B8B993-0CCB-4D97-9756-4FAC2D56308B}
	EndGlobalSection
EndGlobal
