
Microsoft Visual Studio Solution File, Format Version 12.00
# Visual Studio Version 16
VisualStudioVersion = 16.0.29920.165
MinimumVisualStudioVersion = 10.0.40219.1
Project("{8BC9CEB8-8B4A-11D0-8D11-00A0C91BC942}") = "Nelder-Mid", "Nelder-Mid\Nelder-Mid.vcxproj", "{85D8EC85-4F60-4A23-A703-0C5C43B08C2D}"
EndProject
Global
	GlobalSection(SolutionConfigurationPlatforms) = preSolution
		Debug|x64 = Debug|x64
		Debug|x86 = Debug|x86
		Release|x64 = Release|x64
		Release|x86 = Release|x86
	EndGlobalSection
	GlobalSection(ProjectConfigurationPlatforms) = postSolution
		{85D8EC85-4F60-4A23-A703-0C5C43B08C2D}.Debug|x64.ActiveCfg = Debug|x64
		{85D8EC85-4F60-4A23-A703-0C5C43B08C2D}.Debug|x64.Build.0 = Debug|x64
		{85D8EC85-4F60-4A23-A703-0C5C43B08C2D}.Debug|x86.ActiveCfg = Debug|Win32
		{85D8EC85-4F60-4A23-A703-0C5C43B08C2D}.Debug|x86.Build.0 = Debug|Win32
		{85D8EC85-4F60-4A23-A703-0C5C43B08C2D}.Release|x64.ActiveCfg = Release|x64
		{85D8EC85-4F60-4A23-A703-0C5C43B08C2D}.Release|x64.Build.0 = Release|x64
		{85D8EC85-4F60-4A23-A703-0C5C43B08C2D}.Release|x86.ActiveCfg = Release|Win32
		{85D8EC85-4F60-4A23-A703-0C5C43B08C2D}.Release|x86.Build.0 = Release|Win32
	EndGlobalSection
	GlobalSection(SolutionProperties) = preSolution
		HideSolutionNode = FALSE
	EndGlobalSection
	GlobalSection(ExtensibilityGlobals) = postSolution
		SolutionGuid = {FE956118-2EB0-4258-9F06-CDE8058FC2E2}
	EndGlobalSection
EndGlobal
